
Microsoft Visual Studio Solution File, Format Version 12.00
# Visual Studio Version 17
VisualStudioVersion = 17.4.33213.308
MinimumVisualStudioVersion = 10.0.40219.1
Project("{9A19103F-16F7-4668-BE54-9A1E7A4F7556}") = "DeikstraAlgorithm", "WinFormsApp1\DeikstraAlgorithm.csproj", "{DD35EFE2-2626-463C-BA5D-7B1FF5469FFB}"
EndProject
Global
	GlobalSection(SolutionConfigurationPlatforms) = preSolution
		Debug|Any CPU = Debug|Any CPU
		Release|Any CPU = Release|Any CPU
	EndGlobalSection
	GlobalSection(ProjectConfigurationPlatforms) = postSolution
		{DD35EFE2-2626-463C-BA5D-7B1FF5469FFB}.Debug|Any CPU.ActiveCfg = Debug|Any CPU
		{DD35EFE2-2626-463C-BA5D-7B1FF5469FFB}.Debug|Any CPU.Build.0 = Debug|Any CPU
		{DD35EFE2-2626-463C-BA5D-7B1FF5469FFB}.Release|Any CPU.ActiveCfg = Release|Any CPU
		{DD35EFE2-2626-463C-BA5D-7B1FF5469FFB}.Release|Any CPU.Build.0 = Release|Any CPU
	EndGlobalSection
	GlobalSection(SolutionProperties) = preSolution
		HideSolutionNode = FALSE
	EndGlobalSection
	GlobalSection(ExtensibilityGlobals) = postSolution
		SolutionGuid = {0E55B910-981C-4BD3-BFCC-07EE9274071D}
	EndGlobalSection
EndGlobal
